
Microsoft Visual Studio Solution File, Format Version 12.00
# Visual Studio 15
VisualStudioVersion = 15.0.28010.2003
MinimumVisualStudioVersion = 10.0.40219.1
Project("{FAE04EC0-301F-11D3-BF4B-00C04F79EFBC}") = "Gruppeoppgave1", "Gruppeoppgave1\Gruppeoppgave1.csproj", "{C986F658-A01C-4CE7-A738-BE639E00C38F}"
EndProject
Project("{FAE04EC0-301F-11D3-BF4B-00C04F79EFBC}") = "DAL", "DAL\DAL.csproj", "{F64D1E09-CE10-499A-A80E-E702CF9CECCD}"
EndProject
Project("{FAE04EC0-301F-11D3-BF4B-00C04F79EFBC}") = "Model", "Model\Model.csproj", "{F4D2C82A-7ADD-4036-9B3C-B34727282C21}"
EndProject
Project("{FAE04EC0-301F-11D3-BF4B-00C04F79EFBC}") = "BLL", "BLL\BLL.csproj", "{2526538D-F4B3-47E7-924C-A58E9395062E}"
EndProject
Global
	GlobalSection(SolutionConfigurationPlatforms) = preSolution
		Debug|Any CPU = Debug|Any CPU
		Release|Any CPU = Release|Any CPU
	EndGlobalSection
	GlobalSection(ProjectConfigurationPlatforms) = postSolution
		{C986F658-A01C-4CE7-A738-BE639E00C38F}.Debug|Any CPU.ActiveCfg = Debug|Any CPU
		{C986F658-A01C-4CE7-A738-BE639E00C38F}.Debug|Any CPU.Build.0 = Debug|Any CPU
		{C986F658-A01C-4CE7-A738-BE639E00C38F}.Release|Any CPU.ActiveCfg = Release|Any CPU
		{C986F658-A01C-4CE7-A738-BE639E00C38F}.Release|Any CPU.Build.0 = Release|Any CPU
		{F64D1E09-CE10-499A-A80E-E702CF9CECCD}.Debug|Any CPU.ActiveCfg = Debug|Any CPU
		{F64D1E09-CE10-499A-A80E-E702CF9CECCD}.Debug|Any CPU.Build.0 = Debug|Any CPU
		{F64D1E09-CE10-499A-A80E-E702CF9CECCD}.Release|Any CPU.ActiveCfg = Release|Any CPU
		{F64D1E09-CE10-499A-A80E-E702CF9CECCD}.Release|Any CPU.Build.0 = Release|Any CPU
		{F4D2C82A-7ADD-4036-9B3C-B34727282C21}.Debug|Any CPU.ActiveCfg = Debug|Any CPU
		{F4D2C82A-7ADD-4036-9B3C-B34727282C21}.Debug|Any CPU.Build.0 = Debug|Any CPU
		{F4D2C82A-7ADD-4036-9B3C-B34727282C21}.Release|Any CPU.ActiveCfg = Release|Any CPU
		{F4D2C82A-7ADD-4036-9B3C-B34727282C21}.Release|Any CPU.Build.0 = Release|Any CPU
		{2526538D-F4B3-47E7-924C-A58E9395062E}.Debug|Any CPU.ActiveCfg = Debug|Any CPU
		{2526538D-F4B3-47E7-924C-A58E9395062E}.Debug|Any CPU.Build.0 = Debug|Any CPU
		{2526538D-F4B3-47E7-924C-A58E9395062E}.Release|Any CPU.ActiveCfg = Release|Any CPU
		{2526538D-F4B3-47E7-924C-A58E9395062E}.Release|Any CPU.Build.0 = Release|Any CPU
	EndGlobalSection
	GlobalSection(SolutionProperties) = preSolution
		HideSolutionNode = FALSE
	EndGlobalSection
	GlobalSection(ExtensibilityGlobals) = postSolution
		SolutionGuid = {3E6FD58A-6A47-4574-9440-57B7B9014EBC}
	EndGlobalSection
EndGlobal
